
Microsoft Visual Studio Solution File, Format Version 12.00
# Visual Studio Version 16
VisualStudioVersion = 16.0.29911.84
MinimumVisualStudioVersion = 10.0.40219.1
Project("{FAE04EC0-301F-11D3-BF4B-00C04F79EFBC}") = "TicTacToe", "TicTacToe.csproj", "{3A5604A0-FA99-4F27-BE00-19BE2A6F9F86}"
EndProject
Global
	GlobalSection(SolutionConfigurationPlatforms) = preSolution
		Debug|Any CPU = Debug|Any CPU
		Release|Any CPU = Release|Any CPU
	EndGlobalSection
	GlobalSection(ProjectConfigurationPlatforms) = postSolution
		{3A5604A0-FA99-4F27-BE00-19BE2A6F9F86}.Debug|Any CPU.ActiveCfg = Debug|Any CPU
		{3A5604A0-FA99-4F27-BE00-19BE2A6F9F86}.Debug|Any CPU.Build.0 = Debug|Any CPU
		{3A5604A0-FA99-4F27-BE00-19BE2A6F9F86}.Release|Any CPU.ActiveCfg = Release|Any CPU
		{3A5604A0-FA99-4F27-BE00-19BE2A6F9F86}.Release|Any CPU.Build.0 = Release|Any CPU
	EndGlobalSection
	GlobalSection(SolutionProperties) = preSolution
		HideSolutionNode = FALSE
	EndGlobalSection
	GlobalSection(ExtensibilityGlobals) = postSolution
		SolutionGuid = {0FC0C542-90BC-465A-B790-FBFAB066282A}
	EndGlobalSection
EndGlobal
